Microsoft Visual Studio Solution File, Format Version 12.00
# Visual Studio 2012
Project("{FAE04EC0-301F-11D3-BF4B-00C04F79EFBC}") = "Test", "Test.csproj", "{77928E6D-8FBB-48D6-AA50-D6EE7A931111}"
EndProject
Global
	GlobalSection(SolutionConfigurationPlatforms) = preSolution
	Debug|Any CPU = Debug|Any CPU
	ExportDebug|Any CPU = ExportDebug|Any CPU
	ExportRelease|Any CPU = ExportRelease|Any CPU
	EndGlobalSection
	GlobalSection(ProjectConfigurationPlatforms) = postSolution
		{77928E6D-8FBB-48D6-AA50-D6EE7A931111}.Debug|Any CPU.ActiveCfg = Debug|Any CPU
		{77928E6D-8FBB-48D6-AA50-D6EE7A931111}.Debug|Any CPU.Build.0 = Debug|Any CPU
		{77928E6D-8FBB-48D6-AA50-D6EE7A931111}.ExportDebug|Any CPU.ActiveCfg = ExportDebug|Any CPU
		{77928E6D-8FBB-48D6-AA50-D6EE7A931111}.ExportDebug|Any CPU.Build.0 = ExportDebug|Any CPU
		{77928E6D-8FBB-48D6-AA50-D6EE7A931111}.ExportRelease|Any CPU.ActiveCfg = ExportRelease|Any CPU
		{77928E6D-8FBB-48D6-AA50-D6EE7A931111}.ExportRelease|Any CPU.Build.0 = ExportRelease|Any CPU
	EndGlobalSection
EndGlobal
